
Microsoft Visual Studio Solution File, Format Version 12.00
# Visual Studio Version 17
VisualStudioVersion = 17.2.32519.379
MinimumVisualStudioVersion = 10.0.40219.1
Project("{FAE04EC0-301F-11D3-BF4B-00C04F79EFBC}") = "Caters.Web", "Caters.Web\Caters.Web.csproj", "{67ABC8ED-7E38-4AFA-87C4-CA1B479427EA}"
EndProject
Global
	GlobalSection(SolutionConfigurationPlatforms) = preSolution
		Debug|Any CPU = Debug|Any CPU
		Release|Any CPU = Release|Any CPU
	EndGlobalSection
	GlobalSection(ProjectConfigurationPlatforms) = postSolution
		{67ABC8ED-7E38-4AFA-87C4-CA1B479427EA}.Debug|Any CPU.ActiveCfg = Debug|Any CPU
		{67ABC8ED-7E38-4AFA-87C4-CA1B479427EA}.Debug|Any CPU.Build.0 = Debug|Any CPU
		{67ABC8ED-7E38-4AFA-87C4-CA1B479427EA}.Release|Any CPU.ActiveCfg = Release|Any CPU
		{67ABC8ED-7E38-4AFA-87C4-CA1B479427EA}.Release|Any CPU.Build.0 = Release|Any CPU
	EndGlobalSection
	GlobalSection(SolutionProperties) = preSolution
		HideSolutionNode = FALSE
	EndGlobalSection
	GlobalSection(ExtensibilityGlobals) = postSolution
		SolutionGuid = {257CBA17-F443-4274-AB03-729B76AEA1E7}
	EndGlobalSection
EndGlobal
